
Microsoft Visual Studio Solution File, Format Version 12.00
# Visual Studio Version 17
VisualStudioVersion = 17.8.34408.163
MinimumVisualStudioVersion = 10.0.40219.1
Project("{FAE04EC0-301F-11D3-BF4B-00C04F79EFBC}") = "Ecomproject", "Ecomproject\Ecomproject.csproj", "{CFDA9961-16C1-44F9-B8A4-438589B8A8B0}"
EndProject
Global
	GlobalSection(SolutionConfigurationPlatforms) = preSolution
		Debug|Any CPU = Debug|Any CPU
		Release|Any CPU = Release|Any CPU
	EndGlobalSection
	GlobalSection(ProjectConfigurationPlatforms) = postSolution
		{CFDA9961-16C1-44F9-B8A4-438589B8A8B0}.Debug|Any CPU.ActiveCfg = Debug|Any CPU
		{CFDA9961-16C1-44F9-B8A4-438589B8A8B0}.Debug|Any CPU.Build.0 = Debug|Any CPU
		{CFDA9961-16C1-44F9-B8A4-438589B8A8B0}.Release|Any CPU.ActiveCfg = Release|Any CPU
		{CFDA9961-16C1-44F9-B8A4-438589B8A8B0}.Release|Any CPU.Build.0 = Release|Any CPU
	EndGlobalSection
	GlobalSection(SolutionProperties) = preSolution
		HideSolutionNode = FALSE
	EndGlobalSection
	GlobalSection(ExtensibilityGlobals) = postSolution
		SolutionGuid = {1F61AC02-A00C-4F88-9D79-773E7F62C413}
	EndGlobalSection
EndGlobal
